
Microsoft Visual Studio Solution File, Format Version 12.00
# Visual Studio Version 16
VisualStudioVersion = 16.0.30523.141
MinimumVisualStudioVersion = 10.0.40219.1
Project("{FAE04EC0-301F-11D3-BF4B-00C04F79EFBC}") = "Delegate", "Delegate\Delegate.csproj", "{3B573D97-7CB8-442C-BBFC-CCF3016BC3D0}"
EndProject
Global
	GlobalSection(SolutionConfigurationPlatforms) = preSolution
		Debug|Any CPU = Debug|Any CPU
		Release|Any CPU = Release|Any CPU
	EndGlobalSection
	GlobalSection(ProjectConfigurationPlatforms) = postSolution
		{3B573D97-7CB8-442C-BBFC-CCF3016BC3D0}.Debug|Any CPU.ActiveCfg = Debug|Any CPU
		{3B573D97-7CB8-442C-BBFC-CCF3016BC3D0}.Debug|Any CPU.Build.0 = Debug|Any CPU
		{3B573D97-7CB8-442C-BBFC-CCF3016BC3D0}.Release|Any CPU.ActiveCfg = Release|Any CPU
		{3B573D97-7CB8-442C-BBFC-CCF3016BC3D0}.Release|Any CPU.Build.0 = Release|Any CPU
	EndGlobalSection
	GlobalSection(SolutionProperties) = preSolution
		HideSolutionNode = FALSE
	EndGlobalSection
	GlobalSection(ExtensibilityGlobals) = postSolution
		SolutionGuid = {20343ABF-0885-45C4-9FE3-ED6DA4725864}
	EndGlobalSection
EndGlobal
